
Microsoft Visual Studio Solution File, Format Version 12.00
# Visual Studio Version 16
VisualStudioVersion = 16.0.28803.156
MinimumVisualStudioVersion = 10.0.40219.1
Project("{9A19103F-16F7-4668-BE54-9A1E7A4F7556}") = "BaseUtils", "BaseUtilities\BaseUtils.csproj", "{C657C881-F3E1-45BA-ACA5-966348010414}"
EndProject
Project("{9A19103F-16F7-4668-BE54-9A1E7A4F7556}") = "Tests", "Tests\Tests.csproj", "{C4452886-6A1B-4AFD-9E76-AB0E5D8AABA5}"
EndProject
Project("{9A19103F-16F7-4668-BE54-9A1E7A4F7556}") = "Audio", "Audio\Audio.csproj", "{59F99A05-CE16-4FB8-BE99-F1A24F019CB8}"
EndProject
Project("{9A19103F-16F7-4668-BE54-9A1E7A4F7556}") = "DirectInput", "DirectInput\DirectInput.csproj", "{390B1547-A455-45E3-974F-E1F9B1613AD5}"
EndProject
Project("{9A19103F-16F7-4668-BE54-9A1E7A4F7556}") = "OpenTKUtils", "OpenTKUtils\OpenTKUtils.csproj", "{4CFA37D5-4182-4CAE-AFC3-7563A13B44EE}"
EndProject
Project("{9A19103F-16F7-4668-BE54-9A1E7A4F7556}") = "TestOpenTk", "TestOpenTk\TestOpenTk.csproj", "{EADEB2D3-A35D-48B3-B791-B3EC9A847B85}"
EndProject
Project("{9A19103F-16F7-4668-BE54-9A1E7A4F7556}") = "SQLLite", "SQLLite\SQLLite.csproj", "{3D79DE63-5EEC-4F30-A879-FB4C6BA4B2DC}"
EndProject
Project("{9A19103F-16F7-4668-BE54-9A1E7A4F7556}") = "TestWebServer", "TestWebServer\TestWebServer.csproj", "{8C66841F-3B8B-4C2C-B881-EFA4BC424DBD}"
EndProject
Project("{9A19103F-16F7-4668-BE54-9A1E7A4F7556}") = "BaseUtils.WinForms", "BaseUtils.WinForms\BaseUtils.WinForms.csproj", "{61AFEA77-0276-4DCF-983F-589E6AF31258}"
EndProject
Project("{9A19103F-16F7-4668-BE54-9A1E7A4F7556}") = "Audio.CSCore", "Audio.CSCore\Audio.CSCore.csproj", "{0E816ECD-490B-47CF-A1E2-17FB10E23256}"
EndProject
Project("{9A19103F-16F7-4668-BE54-9A1E7A4F7556}") = "Audio.WindowsSpeech", "Audio.WindowsSpeech\Audio.WindowsSpeech.csproj", "{EBC2DDB2-9E32-4E27-90A0-47C810345766}"
EndProject
Project("{9A19103F-16F7-4668-BE54-9A1E7A4F7556}") = "HttpGet", "HttpGet\HttpGet.csproj", "{2A824DB5-E4E5-4AF8-AB79-FB78227D2A18}"
	ProjectSection(ProjectDependencies) = postProject
		{C657C881-F3E1-45BA-ACA5-966348010414} = {C657C881-F3E1-45BA-ACA5-966348010414}
	EndProjectSection
EndProject
Project("{9A19103F-16F7-4668-BE54-9A1E7A4F7556}") = "TestSQL", "TestSQL\TestSQL.csproj", "{C51BF771-EEE6-4398-AB16-25420985F0E7}"
EndProject
Global
	GlobalSection(SolutionConfigurationPlatforms) = preSolution
		Debug|Any CPU = Debug|Any CPU
		Debug|x64 = Debug|x64
		Debug|x86 = Debug|x86
		Release|Any CPU = Release|Any CPU
		Release|x64 = Release|x64
		Release|x86 = Release|x86
	EndGlobalSection
	GlobalSection(ProjectConfigurationPlatforms) = postSolution
		{C657C881-F3E1-45BA-ACA5-966348010414}.Debug|Any CPU.ActiveCfg = Debug|Any CPU
		{C657C881-F3E1-45BA-ACA5-966348010414}.Debug|Any CPU.Build.0 = Debug|Any CPU
		{C657C881-F3E1-45BA-ACA5-966348010414}.Debug|x64.ActiveCfg = Debug|Any CPU
		{C657C881-F3E1-45BA-ACA5-966348010414}.Debug|x64.Build.0 = Debug|Any CPU
		{C657C881-F3E1-45BA-ACA5-966348010414}.Debug|x86.ActiveCfg = Debug|Any CPU
		{C657C881-F3E1-45BA-ACA5-966348010414}.Debug|x86.Build.0 = Debug|Any CPU
		{C657C881-F3E1-45BA-ACA5-966348010414}.Release|Any CPU.ActiveCfg = Release|Any CPU
		{C657C881-F3E1-45BA-ACA5-966348010414}.Release|Any CPU.Build.0 = Release|Any CPU
		{C657C881-F3E1-45BA-ACA5-966348010414}.Release|x64.ActiveCfg = Release|Any CPU
		{C657C881-F3E1-45BA-ACA5-966348010414}.Release|x64.Build.0 = Release|Any CPU
		{C657C881-F3E1-45BA-ACA5-966348010414}.Release|x86.ActiveCfg = Release|Any CPU
		{C657C881-F3E1-45BA-ACA5-966348010414}.Release|x86.Build.0 = Release|Any CPU
		{C4452886-6A1B-4AFD-9E76-AB0E5D8AABA5}.Debug|Any CPU.ActiveCfg = Debug|Any CPU
		{C4452886-6A1B-4AFD-9E76-AB0E5D8AABA5}.Debug|Any CPU.Build.0 = Debug|Any CPU
		{C4452886-6A1B-4AFD-9E76-AB0E5D8AABA5}.Debug|x64.ActiveCfg = Debug|Any CPU
		{C4452886-6A1B-4AFD-9E76-AB0E5D8AABA5}.Debug|x64.Build.0 = Debug|Any CPU
		{C4452886-6A1B-4AFD-9E76-AB0E5D8AABA5}.Debug|x86.ActiveCfg = Debug|Any CPU
		{C4452886-6A1B-4AFD-9E76-AB0E5D8AABA5}.Debug|x86.Build.0 = Debug|Any CPU
		{C4452886-6A1B-4AFD-9E76-AB0E5D8AABA5}.Release|Any CPU.ActiveCfg = Release|Any CPU
		{C4452886-6A1B-4AFD-9E76-AB0E5D8AABA5}.Release|Any CPU.Build.0 = Release|Any CPU
		{C4452886-6A1B-4AFD-9E76-AB0E5D8AABA5}.Release|x64.ActiveCfg = Release|Any CPU
		{C4452886-6A1B-4AFD-9E76-AB0E5D8AABA5}.Release|x64.Build.0 = Release|Any CPU
		{C4452886-6A1B-4AFD-9E76-AB0E5D8AABA5}.Release|x86.ActiveCfg = Release|Any CPU
		{C4452886-6A1B-4AFD-9E76-AB0E5D8AABA5}.Release|x86.Build.0 = Release|Any CPU
		{59F99A05-CE16-4FB8-BE99-F1A24F019CB8}.Debug|Any CPU.ActiveCfg = Debug|Any CPU
		{59F99A05-CE16-4FB8-BE99-F1A24F019CB8}.Debug|Any CPU.Build.0 = Debug|Any CPU
		{59F99A05-CE16-4FB8-BE99-F1A24F019CB8}.Debug|x64.ActiveCfg = Debug|Any CPU
		{59F99A05-CE16-4FB8-BE99-F1A24F019CB8}.Debug|x64.Build.0 = Debug|Any CPU
		{59F99A05-CE16-4FB8-BE99-F1A24F019CB8}.Debug|x86.ActiveCfg = Debug|Any CPU
		{59F99A05-CE16-4FB8-BE99-F1A24F019CB8}.Debug|x86.Build.0 = Debug|Any CPU
		{59F99A05-CE16-4FB8-BE99-F1A24F019CB8}.Release|Any CPU.ActiveCfg = Release|Any CPU
		{59F99A05-CE16-4FB8-BE99-F1A24F019CB8}.Release|Any CPU.Build.0 = Release|Any CPU
		{59F99A05-CE16-4FB8-BE99-F1A24F019CB8}.Release|x64.ActiveCfg = Release|Any CPU
		{59F99A05-CE16-4FB8-BE99-F1A24F019CB8}.Release|x64.Build.0 = Release|Any CPU
		{59F99A05-CE16-4FB8-BE99-F1A24F019CB8}.Release|x86.ActiveCfg = Release|Any CPU
		{59F99A05-CE16-4FB8-BE99-F1A24F019CB8}.Release|x86.Build.0 = Release|Any CPU
		{390B1547-A455-45E3-974F-E1F9B1613AD5}.Debug|Any CPU.ActiveCfg = Debug|Any CPU
		{390B1547-A455-45E3-974F-E1F9B1613AD5}.Debug|Any CPU.Build.0 = Debug|Any CPU
		{390B1547-A455-45E3-974F-E1F9B1613AD5}.Debug|x64.ActiveCfg = Debug|Any CPU
		{390B1547-A455-45E3-974F-E1F9B1613AD5}.Debug|x64.Build.0 = Debug|Any CPU
		{390B1547-A455-45E3-974F-E1F9B1613AD5}.Debug|x86.ActiveCfg = Debug|Any CPU
		{390B1547-A455-45E3-974F-E1F9B1613AD5}.Debug|x86.Build.0 = Debug|Any CPU
		{390B1547-A455-45E3-974F-E1F9B1613AD5}.Release|Any CPU.ActiveCfg = Release|Any CPU
		{390B1547-A455-45E3-974F-E1F9B1613AD5}.Release|Any CPU.Build.0 = Release|Any CPU
		{390B1547-A455-45E3-974F-E1F9B1613AD5}.Release|x64.ActiveCfg = Release|Any CPU
		{390B1547-A455-45E3-974F-E1F9B1613AD5}.Release|x64.Build.0 = Release|Any CPU
		{390B1547-A455-45E3-974F-E1F9B1613AD5}.Release|x86.ActiveCfg = Release|Any CPU
		{390B1547-A455-45E3-974F-E1F9B1613AD5}.Release|x86.Build.0 = Release|Any CPU
		{4CFA37D5-4182-4CAE-AFC3-7563A13B44EE}.Debug|Any CPU.ActiveCfg = Debug|Any CPU
		{4CFA37D5-4182-4CAE-AFC3-7563A13B44EE}.Debug|Any CPU.Build.0 = Debug|Any CPU
		{4CFA37D5-4182-4CAE-AFC3-7563A13B44EE}.Debug|x64.ActiveCfg = Debug|Any CPU
		{4CFA37D5-4182-4CAE-AFC3-7563A13B44EE}.Debug|x64.Build.0 = Debug|Any CPU
		{4CFA37D5-4182-4CAE-AFC3-7563A13B44EE}.Debug|x86.ActiveCfg = Debug|Any CPU
		{4CFA37D5-4182-4CAE-AFC3-7563A13B44EE}.Debug|x86.Build.0 = Debug|Any CPU
		{4CFA37D5-4182-4CAE-AFC3-7563A13B44EE}.Release|Any CPU.ActiveCfg = Release|Any CPU
		{4CFA37D5-4182-4CAE-AFC3-7563A13B44EE}.Release|Any CPU.Build.0 = Release|Any CPU
		{4CFA37D5-4182-4CAE-AFC3-7563A13B44EE}.Release|x64.ActiveCfg = Release|Any CPU
		{4CFA37D5-4182-4CAE-AFC3-7563A13B44EE}.Release|x64.Build.0 = Release|Any CPU
		{4CFA37D5-4182-4CAE-AFC3-7563A13B44EE}.Release|x86.ActiveCfg = Release|Any CPU
		{4CFA37D5-4182-4CAE-AFC3-7563A13B44EE}.Release|x86.Build.0 = Release|Any CPU
		{EADEB2D3-A35D-48B3-B791-B3EC9A847B85}.Debug|Any CPU.ActiveCfg = Debug|Any CPU
		{EADEB2D3-A35D-48B3-B791-B3EC9A847B85}.Debug|Any CPU.Build.0 = Debug|Any CPU
		{EADEB2D3-A35D-48B3-B791-B3EC9A847B85}.Debug|x64.ActiveCfg = Debug|Any CPU
		{EADEB2D3-A35D-48B3-B791-B3EC9A847B85}.Debug|x64.Build.0 = Debug|Any CPU
		{EADEB2D3-A35D-48B3-B791-B3EC9A847B85}.Debug|x86.ActiveCfg = Debug|Any CPU
		{EADEB2D3-A35D-48B3-B791-B3EC9A847B85}.Debug|x86.Build.0 = Debug|Any CPU
		{EADEB2D3-A35D-48B3-B791-B3EC9A847B85}.Release|Any CPU.ActiveCfg = Release|Any CPU
		{EADEB2D3-A35D-48B3-B791-B3EC9A847B85}.Release|Any CPU.Build.0 = Release|Any CPU
		{EADEB2D3-A35D-48B3-B791-B3EC9A847B85}.Release|x64.ActiveCfg = Release|Any CPU
		{EADEB2D3-A35D-48B3-B791-B3EC9A847B85}.Release|x64.Build.0 = Release|Any CPU
		{EADEB2D3-A35D-48B3-B791-B3EC9A847B85}.Release|x86.ActiveCfg = Release|Any CPU
		{EADEB2D3-A35D-48B3-B791-B3EC9A847B85}.Release|x86.Build.0 = Release|Any CPU
		{3D79DE63-5EEC-4F30-A879-FB4C6BA4B2DC}.Debug|Any CPU.ActiveCfg = Debug|Any CPU
		{3D79DE63-5EEC-4F30-A879-FB4C6BA4B2DC}.Debug|Any CPU.Build.0 = Debug|Any CPU
		{3D79DE63-5EEC-4F30-A879-FB4C6BA4B2DC}.Debug|x64.ActiveCfg = Debug|Any CPU
		{3D79DE63-5EEC-4F30-A879-FB4C6BA4B2DC}.Debug|x64.Build.0 = Debug|Any CPU
		{3D79DE63-5EEC-4F30-A879-FB4C6BA4B2DC}.Debug|x86.ActiveCfg = Debug|Any CPU
		{3D79DE63-5EEC-4F30-A879-FB4C6BA4B2DC}.Debug|x86.Build.0 = Debug|Any CPU
		{3D79DE63-5EEC-4F30-A879-FB4C6BA4B2DC}.Release|Any CPU.ActiveCfg = Release|Any CPU
		{3D79DE63-5EEC-4F30-A879-FB4C6BA4B2DC}.Release|Any CPU.Build.0 = Release|Any CPU
		{3D79DE63-5EEC-4F30-A879-FB4C6BA4B2DC}.Release|x64.ActiveCfg = Release|Any CPU
		{3D79DE63-5EEC-4F30-A879-FB4C6BA4B2DC}.Release|x64.Build.0 = Release|Any CPU
		{3D79DE63-5EEC-4F30-A879-FB4C6BA4B2DC}.Release|x86.ActiveCfg = Release|Any CPU
		{3D79DE63-5EEC-4F30-A879-FB4C6BA4B2DC}.Release|x86.Build.0 = Release|Any CPU
		{8C66841F-3B8B-4C2C-B881-EFA4BC424DBD}.Debug|Any CPU.ActiveCfg = Debug|Any CPU
		{8C66841F-3B8B-4C2C-B881-EFA4BC424DBD}.Debug|Any CPU.Build.0 = Debug|Any CPU
		{8C66841F-3B8B-4C2C-B881-EFA4BC424DBD}.Debug|x64.ActiveCfg = Debug|Any CPU
		{8C66841F-3B8B-4C2C-B881-EFA4BC424DBD}.Debug|x64.Build.0 = Debug|Any CPU
		{8C66841F-3B8B-4C2C-B881-EFA4BC424DBD}.Debug|x86.ActiveCfg = Debug|Any CPU
		{8C66841F-3B8B-4C2C-B881-EFA4BC424DBD}.Debug|x86.Build.0 = Debug|Any CPU
		{8C66841F-3B8B-4C2C-B881-EFA4BC424DBD}.Release|Any CPU.ActiveCfg = Release|Any CPU
		{8C66841F-3B8B-4C2C-B881-EFA4BC424DBD}.Release|Any CPU.Build.0 = Release|Any CPU
		{8C66841F-3B8B-4C2C-B881-EFA4BC424DBD}.Release|x64.ActiveCfg = Release|Any CPU
		{8C66841F-3B8B-4C2C-B881-EFA4BC424DBD}.Release|x64.Build.0 = Release|Any CPU
		{8C66841F-3B8B-4C2C-B881-EFA4BC424DBD}.Release|x86.ActiveCfg = Release|Any CPU
		{8C66841F-3B8B-4C2C-B881-EFA4BC424DBD}.Release|x86.Build.0 = Release|Any CPU
		{C51BF771-EEE6-4398-AB16-25420985F0E7}.Debug|Any CPU.ActiveCfg = Debug|Any CPU
		{C51BF771-EEE6-4398-AB16-25420985F0E7}.Debug|Any CPU.Build.0 = Debug|Any CPU
		{C51BF771-EEE6-4398-AB16-25420985F0E7}.Debug|x64.ActiveCfg = Debug|Any CPU
		{C51BF771-EEE6-4398-AB16-25420985F0E7}.Debug|x64.Build.0 = Debug|Any CPU
		{C51BF771-EEE6-4398-AB16-25420985F0E7}.Debug|x86.ActiveCfg = Debug|Any CPU
		{C51BF771-EEE6-4398-AB16-25420985F0E7}.Debug|x86.Build.0 = Debug|Any CPU
		{C51BF771-EEE6-4398-AB16-25420985F0E7}.Release|Any CPU.ActiveCfg = Release|Any CPU
		{C51BF771-EEE6-4398-AB16-25420985F0E7}.Release|Any CPU.Build.0 = Release|Any CPU
		{C51BF771-EEE6-4398-AB16-25420985F0E7}.Release|x64.ActiveCfg = Release|Any CPU
		{C51BF771-EEE6-4398-AB16-25420985F0E7}.Release|x64.Build.0 = Release|Any CPU
		{C51BF771-EEE6-4398-AB16-25420985F0E7}.Release|x86.ActiveCfg = Release|Any CPU
		{C51BF771-EEE6-4398-AB16-25420985F0E7}.Release|x86.Build.0 = Release|Any CPU
		{61AFEA77-0276-4DCF-983F-589E6AF31258}.Debug|Any CPU.ActiveCfg = Debug|Any CPU
		{61AFEA77-0276-4DCF-983F-589E6AF31258}.Debug|Any CPU.Build.0 = Debug|Any CPU
		{61AFEA77-0276-4DCF-983F-589E6AF31258}.Debug|x64.ActiveCfg = Debug|Any CPU
		{61AFEA77-0276-4DCF-983F-589E6AF31258}.Debug|x64.Build.0 = Debug|Any CPU
		{61AFEA77-0276-4DCF-983F-589E6AF31258}.Debug|x86.ActiveCfg = Debug|Any CPU
		{61AFEA77-0276-4DCF-983F-589E6AF31258}.Debug|x86.Build.0 = Debug|Any CPU
		{61AFEA77-0276-4DCF-983F-589E6AF31258}.Release|Any CPU.ActiveCfg = Release|Any CPU
		{61AFEA77-0276-4DCF-983F-589E6AF31258}.Release|Any CPU.Build.0 = Release|Any CPU
		{61AFEA77-0276-4DCF-983F-589E6AF31258}.Release|x64.ActiveCfg = Release|Any CPU
		{61AFEA77-0276-4DCF-983F-589E6AF31258}.Release|x64.Build.0 = Release|Any CPU
		{61AFEA77-0276-4DCF-983F-589E6AF31258}.Release|x86.ActiveCfg = Release|Any CPU
		{61AFEA77-0276-4DCF-983F-589E6AF31258}.Release|x86.Build.0 = Release|Any CPU
		{0E816ECD-490B-47CF-A1E2-17FB10E23256}.Debug|Any CPU.ActiveCfg = Debug|Any CPU
		{0E816ECD-490B-47CF-A1E2-17FB10E23256}.Debug|Any CPU.Build.0 = Debug|Any CPU
		{0E816ECD-490B-47CF-A1E2-17FB10E23256}.Debug|x64.ActiveCfg = Debug|Any CPU
		{0E816ECD-490B-47CF-A1E2-17FB10E23256}.Debug|x64.Build.0 = Debug|Any CPU
		{0E816ECD-490B-47CF-A1E2-17FB10E23256}.Debug|x86.ActiveCfg = Debug|Any CPU
		{0E816ECD-490B-47CF-A1E2-17FB10E23256}.Debug|x86.Build.0 = Debug|Any CPU
		{0E816ECD-490B-47CF-A1E2-17FB10E23256}.Release|Any CPU.ActiveCfg = Release|Any CPU
		{0E816ECD-490B-47CF-A1E2-17FB10E23256}.Release|Any CPU.Build.0 = Release|Any CPU
		{0E816ECD-490B-47CF-A1E2-17FB10E23256}.Release|x64.ActiveCfg = Release|Any CPU
		{0E816ECD-490B-47CF-A1E2-17FB10E23256}.Release|x64.Build.0 = Release|Any CPU
		{0E816ECD-490B-47CF-A1E2-17FB10E23256}.Release|x86.ActiveCfg = Release|Any CPU
		{0E816ECD-490B-47CF-A1E2-17FB10E23256}.Release|x86.Build.0 = Release|Any CPU
		{EBC2DDB2-9E32-4E27-90A0-47C810345766}.Debug|Any CPU.ActiveCfg = Debug|Any CPU
		{EBC2DDB2-9E32-4E27-90A0-47C810345766}.Debug|Any CPU.Build.0 = Debug|Any CPU
		{EBC2DDB2-9E32-4E27-90A0-47C810345766}.Debug|x64.ActiveCfg = Debug|Any CPU
		{EBC2DDB2-9E32-4E27-90A0-47C810345766}.Debug|x64.Build.0 = Debug|Any CPU
		{EBC2DDB2-9E32-4E27-90A0-47C810345766}.Debug|x86.ActiveCfg = Debug|Any CPU
		{EBC2DDB2-9E32-4E27-90A0-47C810345766}.Debug|x86.Build.0 = Debug|Any CPU
		{EBC2DDB2-9E32-4E27-90A0-47C810345766}.Release|Any CPU.ActiveCfg = Release|Any CPU
		{EBC2DDB2-9E32-4E27-90A0-47C810345766}.Release|Any CPU.Build.0 = Release|Any CPU
		{EBC2DDB2-9E32-4E27-90A0-47C810345766}.Release|x64.ActiveCfg = Release|Any CPU
		{EBC2DDB2-9E32-4E27-90A0-47C810345766}.Release|x64.Build.0 = Release|Any CPU
		{EBC2DDB2-9E32-4E27-90A0-47C810345766}.Release|x86.ActiveCfg = Release|Any CPU
		{EBC2DDB2-9E32-4E27-90A0-47C810345766}.Release|x86.Build.0 = Release|Any CPU
		{2A824DB5-E4E5-4AF8-AB79-FB78227D2A18}.Debug|Any CPU.ActiveCfg = Debug|Any CPU
		{2A824DB5-E4E5-4AF8-AB79-FB78227D2A18}.Debug|Any CPU.Build.0 = Debug|Any CPU
		{2A824DB5-E4E5-4AF8-AB79-FB78227D2A18}.Debug|x64.ActiveCfg = Debug|Any CPU
		{2A824DB5-E4E5-4AF8-AB79-FB78227D2A18}.Debug|x64.Build.0 = Debug|Any CPU
		{2A824DB5-E4E5-4AF8-AB79-FB78227D2A18}.Debug|x86.ActiveCfg = Debug|Any CPU
		{2A824DB5-E4E5-4AF8-AB79-FB78227D2A18}.Debug|x86.Build.0 = Debug|Any CPU
		{2A824DB5-E4E5-4AF8-AB79-FB78227D2A18}.Release|Any CPU.ActiveCfg = Release|Any CPU
		{2A824DB5-E4E5-4AF8-AB79-FB78227D2A18}.Release|Any CPU.Build.0 = Release|Any CPU
		{2A824DB5-E4E5-4AF8-AB79-FB78227D2A18}.Release|x64.ActiveCfg = Release|Any CPU
		{2A824DB5-E4E5-4AF8-AB79-FB78227D2A18}.Release|x64.Build.0 = Release|Any CPU
		{2A824DB5-E4E5-4AF8-AB79-FB78227D2A18}.Release|x86.ActiveCfg = Release|Any CPU
		{2A824DB5-E4E5-4AF8-AB79-FB78227D2A18}.Release|x86.Build.0 = Release|Any CPU
		{C51BF771-EEE6-4398-AB16-25420985F0E7}.Debug|Any CPU.ActiveCfg = Debug|Any CPU
		{C51BF771-EEE6-4398-AB16-25420985F0E7}.Debug|Any CPU.Build.0 = Debug|Any CPU
		{C51BF771-EEE6-4398-AB16-25420985F0E7}.Debug|x64.ActiveCfg = Debug|Any CPU
		{C51BF771-EEE6-4398-AB16-25420985F0E7}.Debug|x64.Build.0 = Debug|Any CPU
		{C51BF771-EEE6-4398-AB16-25420985F0E7}.Debug|x86.ActiveCfg = Debug|Any CPU
		{C51BF771-EEE6-4398-AB16-25420985F0E7}.Debug|x86.Build.0 = Debug|Any CPU
		{C51BF771-EEE6-4398-AB16-25420985F0E7}.Release|Any CPU.ActiveCfg = Release|Any CPU
		{C51BF771-EEE6-4398-AB16-25420985F0E7}.Release|Any CPU.Build.0 = Release|Any CPU
		{C51BF771-EEE6-4398-AB16-25420985F0E7}.Release|x64.ActiveCfg = Release|Any CPU
		{C51BF771-EEE6-4398-AB16-25420985F0E7}.Release|x64.Build.0 = Release|Any CPU
		{C51BF771-EEE6-4398-AB16-25420985F0E7}.Release|x86.ActiveCfg = Release|Any CPU
		{C51BF771-EEE6-4398-AB16-25420985F0E7}.Release|x86.Build.0 = Release|Any CPU
	EndGlobalSection
	GlobalSection(SolutionProperties) = preSolution
		HideSolutionNode = FALSE
	EndGlobalSection
	GlobalSection(ExtensibilityGlobals) = postSolution
		SolutionGuid = {9CD4AAE2-A8F8-4B1C-8EB4-A81877FB0BCD}
	EndGlobalSection
	GlobalSection(Performance) = preSolution
		HasPerformanceSessions = true
	EndGlobalSection
EndGlobal
